// !$*UTF8*$!
{
	archiveVersion = 1;
	classes = {
	};
	objectVersion = 50;
	objects = {

/* Begin PBXBuildFile section */
		2E1ADCD5240234E900A2F8E8 /* AppDelegate.swift in Sources */ = {isa = PBXBuildFile; fileRef = 2E1ADCD4240234E900A2F8E8 /* AppDelegate.swift */; };
		2E1ADCD7240234E900A2F8E8 /* SceneDelegate.swift in Sources */ = {isa = PBXBuildFile; fileRef = 2E1ADCD6240234E900A2F8E8 /* SceneDelegate.swift */; };
		2E1ADCD9240234E900A2F8E8 /* ViewController.swift in Sources */ = {isa = PBXBuildFile; fileRef = 2E1ADCD8240234E900A2F8E8 /* ViewController.swift */; };
		2E1ADCDC240234E900A2F8E8 /* Main.storyboard in Resources */ = {isa = PBXBuildFile; fileRef = 2E1ADCDA240234E900A2F8E8 /* Main.storyboard */; };
		2E1ADCDE240234EA00A2F8E8 /* Assets.xcassets in Resources */ = {isa = PBXBuildFile; fileRef = 2E1ADCDD240234EA00A2F8E8 /* Assets.xcassets */; };
		2E1ADCE1240234EA00A2F8E8 /* LaunchScreen.storyboard in Resources */ = {isa = PBXBuildFile; fileRef = 2E1ADCDF240234EA00A2F8E8 /* LaunchScreen.storyboard */; };
		2E1ADCEC240234EA00A2F8E8 /* testApp_20200223Tests.swift in Sources */ = {isa = PBXBuildFile; fileRef = 2E1ADCEB240234EA00A2F8E8 /* testApp_20200223Tests.swift */; };
		2E1ADCF7240234EA00A2F8E8 /* testApp_20200223UITests.swift in Sources */ = {isa = PBXBuildFile; fileRef = 2E1ADCF6240234EA00A2F8E8 /* testApp_20200223UITests.swift */; };
/* End PBXBuildFile section */

/* Begin PBXContainerItemProxy section */
		2E1ADCE8240234EA00A2F8E8 /* PBXContainerItemProxy */ = {
			isa = PBXContainerItemProxy;
			containerPortal = 2E1ADCC9240234E900A2F8E8 /* Project object */;
			proxyType = 1;
			remoteGlobalIDString = 2E1ADCD0240234E900A2F8E8;
			remoteInfo = testApp_20200223;
		};
		2E1ADCF3240234EA00A2F8E8 /* PBXContainerItemProxy */ = {
			isa = PBXContainerItemProxy;
			containerPortal = 2E1ADCC9240234E900A2F8E8 /* Project object */;
			proxyType = 1;
			remoteGlobalIDString = 2E1ADCD0240234E900A2F8E8;
			remoteInfo = testApp_20200223;
		};
/* End PBXContainerItemProxy section */

/* Begin PBXFileReference section */
		2E1ADCD1240234E900A2F8E8 /* testApp_20200223.app */ = {isa = PBXFileReference; explicitFileType = wrapper.application; includeInIndex = 0; path = testApp_20200223.app; sourceTree = BUILT_PRODUCTS_DIR; };
		2E1ADCD4240234E900A2F8E8 /* AppDelegate.swift */ = {isa = PBXFileReference; lastKnownFileType = sourcecode.swift; path = AppDelegate.swift; sourceTree = "<group>"; };
		2E1ADCD6240234E900A2F8E8 /* SceneDelegate.swift */ = {isa = PBXFileReference; lastKnownFileType = sourcecode.swift; path = SceneDelegate.swift; sourceTree = "<group>"; };
		2E1ADCD8240234E900A2F8E8 /* ViewController.swift */ = {isa = PBXFileReference; lastKnownFileType = sourcecode.swift; path = ViewController.swift; sourceTree = "<group>"; };
		2E1ADCDB240234E900A2F8E8 /* Base */ = {isa = PBXFileReference; lastKnownFileType = file.storyboard; name = Base; path = Base.lproj/Main.storyboard; sourceTree = "<group>"; };
		2E1ADCDD240234EA00A2F8E8 /* Assets.xcassets */ = {isa = PBXFileReference; lastKnownFileType = folder.assetcatalog; path = Assets.xcassets; sourceTree = "<group>"; };
		2E1ADCE0240234EA00A2F8E8 /* Base */ = {isa = PBXFileReference; lastKnownFileType = file.storyboard; name = Base; path = Base.lproj/LaunchScreen.storyboard; sourceTree = "<group>"; };
		2E1ADCE2240234EA00A2F8E8 /* Info.plist */ = {isa = PBXFileReference; lastKnownFileType = text.plist.xml; path = Info.plist; sourceTree = "<group>"; };
		2E1ADCE7240234EA00A2F8E8 /* testApp_20200223Tests.xctest */ = {isa = PBXFileReference; explicitFileType = wrapper.cfbundle; includeInIndex = 0; path = testApp_20200223Tests.xctest; sourceTree = BUILT_PRODUCTS_DIR; };
		2E1ADCEB240234EA00A2F8E8 /* testApp_20200223Tests.swift */ = {isa = PBXFileReference; lastKnownFileType = sourcecode.swift; path = testApp_20200223Tests.swift; sourceTree = "<group>"; };
		2E1ADCED240234EA00A2F8E8 /* Info.plist */ = {isa = PBXFileReference; lastKnownFileType = text.plist.xml; path = Info.plist; sourceTree = "<group>"; };
		2E1ADCF2240234EA00A2F8E8 /* testApp_20200223UITests.xctest */ = {isa = PBXFileReference; explicitFileType = wrapper.cfbundle; includeInIndex = 0; path = testApp_20200223UITests.xctest; sourceTree = BUILT_PRODUCTS_DIR; };
		2E1ADCF6240234EA00A2F8E8 /* testApp_20200223UITests.swift */ = {isa = PBXFileReference; lastKnownFileType = sourcecode.swift; path = testApp_20200223UITests.swift; sourceTree = "<group>"; };
		2E1ADCF8240234EA00A2F8E8 /* Info.plist */ = {isa = PBXFileReference; lastKnownFileType = text.plist.xml; path = Info.plist; sourceTree = "<group>"; };
/* End PBXFileReference section */

/* Begin PBXFrameworksBuildPhase section */
		2E1ADCCE240234E900A2F8E8 /* Frameworks */ = {
			isa = PBXFrameworksBuildPhase;
			buildActionMask = 2147483647;
			files = (
			);
			runOnlyForDeploymentPostprocessing = 0;
		};
		2E1ADCE4240234EA00A2F8E8 /* Frameworks */ = {
			isa = PBXFrameworksBuildPhase;
			buildActionMask = 2147483647;
			files = (
			);
			runOnlyForDeploymentPostprocessing = 0;
		};
		2E1ADCEF240234EA00A2F8E8 /* Frameworks */ = {
			isa = PBXFrameworksBuildPhase;
			buildActionMask = 2147483647;
			files = (
			);
			runOnlyForDeploymentPostprocessing = 0;
		};
/* End PBXFrameworksBuildPhase section */

/* Begin PBXGroup section */
		2E1ADCC8240234E900A2F8E8 = {
			isa = PBXGroup;
			children = (
				2E1ADCD3240234E900A2F8E8 /* testApp_20200223 */,
				2E1ADCEA240234EA00A2F8E8 /* testApp_20200223Tests */,
				2E1ADCF5240234EA00A2F8E8 /* testApp_20200223UITests */,
				2E1ADCD2240234E900A2F8E8 /* Products */,
			);
			sourceTree = "<group>";
		};
		2E1ADCD2240234E900A2F8E8 /* Products */ = {
			isa = PBXGroup;
			children = (
				2E1ADCD1240234E900A2F8E8 /* testApp_20200223.app */,
				2E1ADCE7240234EA00A2F8E8 /* testApp_20200223Tests.xctest */,
				2E1ADCF2240234EA00A2F8E8 /* testApp_20200223UITests.xctest */,
			);
			name = Products;
			sourceTree = "<group>";
		};
		2E1ADCD3240234E900A2F8E8 /* testApp_20200223 */ = {
			isa = PBXGroup;
			children = (
				2E1ADCD4240234E900A2F8E8 /* AppDelegate.swift */,
				2E1ADCD6240234E900A2F8E8 /* SceneDelegate.swift */,
				2E1ADCD8240234E900A2F8E8 /* ViewController.swift */,
				2E1ADCDA240234E900A2F8E8 /* Main.storyboard */,
				2E1ADCDD240234EA00A2F8E8 /* Assets.xcassets */,
				2E1ADCDF240234EA00A2F8E8 /* LaunchScreen.storyboard */,
				2E1ADCE2240234EA00A2F8E8 /* Info.plist */,
			);
			path = testApp_20200223;
			sourceTree = "<group>";
		};
		2E1ADCEA240234EA00A2F8E8 /* testApp_20200223Tests */ = {
			isa = PBXGroup;
			children = (
				2E1ADCEB240234EA00A2F8E8 /* testApp_20200223Tests.swift */,
				2E1ADCED240234EA00A2F8E8 /* Info.plist */,
			);
			path = testApp_20200223Tests;
			sourceTree = "<group>";
		};
		2E1ADCF5240234EA00A2F8E8 /* testApp_20200223UITests */ = {
			isa = PBXGroup;
			children = (
				2E1ADCF6240234EA00A2F8E8 /* testApp_20200223UITests.swift */,
				2E1ADCF8240234EA00A2F8E8 /* Info.plist */,
			);
			path = testApp_20200223UITests;
			sourceTree = "<group>";
		};
/* End PBXGroup section */

/* Begin PBXNativeTarget section */
		2E1ADCD0240234E900A2F8E8 /* testApp_20200223 */ = {
			isa = PBXNativeTarget;
			buildConfigurationList = 2E1ADCFB240234EA00A2F8E8 /* Build configuration list for PBXNativeTarget "testApp_20200223" */;
			buildPhases = (
				2E1ADCCD240234E900A2F8E8 /* Sources */,
				2E1ADCCE240234E900A2F8E8 /* Frameworks */,
				2E1ADCCF240234E900A2F8E8 /* Resources */,
			);
			buildRules = (
			);
			dependencies = (
			);
			name = testApp_20200223;
			productName = testApp_20200223;
			productReference = 2E1ADCD1240234E900A2F8E8 /* testApp_20200223.app */;
			productType = "com.apple.product-type.application";
		};
		2E1ADCE6240234EA00A2F8E8 /* testApp_20200223Tests */ = {
			isa = PBXNativeTarget;
			buildConfigurationList = 2E1ADCFE240234EA00A2F8E8 /* Build configuration list for PBXNativeTarget "testApp_20200223Tests" */;
			buildPhases = (
				2E1ADCE3240234EA00A2F8E8 /* Sources */,
				2E1ADCE4240234EA00A2F8E8 /* Frameworks */,
				2E1ADCE5240234EA00A2F8E8 /* Resources */,
			);
			buildRules = (
			);
			dependencies = (
				2E1ADCE9240234EA00A2F8E8 /* PBXTargetDependency */,
			);
			name = testApp_20200223Tests;
			productName = testApp_20200223Tests;
			productReference = 2E1ADCE7240234EA00A2F8E8 /* testApp_20200223Tests.xctest */;
			productType = "com.apple.product-type.bundle.unit-test";
		};
		2E1ADCF1240234EA00A2F8E8 /* testApp_20200223UITests */ = {
			isa = PBXNativeTarget;
			buildConfigurationList = 2E1ADD01240234EA00A2F8E8 /* Build configuration list for PBXNativeTarget "testApp_20200223UITests" */;
			buildPhases = (
				2E1ADCEE240234EA00A2F8E8 /* Sources */,
				2E1ADCEF240234EA00A2F8E8 /* Frameworks */,
				2E1ADCF0240234EA00A2F8E8 /* Resources */,
			);
			buildRules = (
			);
			dependencies = (
				2E1ADCF4240234EA00A2F8E8 /* PBXTargetDependency */,
			);
			name = testApp_20200223UITests;
			productName = testApp_20200223UITests;
			productReference = 2E1ADCF2240234EA00A2F8E8 /* testApp_20200223UITests.xctest */;
			productType = "com.apple.product-type.bundle.ui-testing";
		};
/* End PBXNativeTarget section */

/* Begin PBXProject section */
		2E1ADCC9240234E900A2F8E8 /* Project object */ = {
			isa = PBXProject;
			attributes = {
				LastSwiftUpdateCheck = 1130;
				LastUpgradeCheck = 1130;
				ORGANIZATIONNAME = "hiroyuki sato";
				TargetAttributes = {
					2E1ADCD0240234E900A2F8E8 = {
						CreatedOnToolsVersion = 11.3.1;
					};
					2E1ADCE6240234EA00A2F8E8 = {
						CreatedOnToolsVersion = 11.3.1;
						TestTargetID = 2E1ADCD0240234E900A2F8E8;
					};
					2E1ADCF1240234EA00A2F8E8 = {
						CreatedOnToolsVersion = 11.3.1;
						TestTargetID = 2E1ADCD0240234E900A2F8E8;
					};
				};
			};
			buildConfigurationList = 2E1ADCCC240234E900A2F8E8 /* Build configuration list for PBXProject "testApp_20200223" */;
			compatibilityVersion = "Xcode 9.3";
			developmentRegion = en;
			hasScannedForEncodings = 0;
			knownRegions = (
				en,
				Base,
			);
			mainGroup = 2E1ADCC8240234E900A2F8E8;
			productRefGroup = 2E1ADCD2240234E900A2F8E8 /* Products */;
			projectDirPath = "";
			projectRoot = "";
			targets = (
				2E1ADCD0240234E900A2F8E8 /* testApp_20200223 */,
				2E1ADCE6240234EA00A2F8E8 /* testApp_20200223Tests */,
				2E1ADCF1240234EA00A2F8E8 /* testApp_20200223UITests */,
			);
		};
/* End PBXProject section */

/* Begin PBXResourcesBuildPhase section */
		2E1ADCCF240234E900A2F8E8 /* Resources */ = {
			isa = PBXResourcesBuildPhase;
			buildActionMask = 2147483647;
			files = (
				2E1ADCE1240234EA00A2F8E8 /* LaunchScreen.storyboard in Resources */,
				2E1ADCDE240234EA00A2F8E8 /* Assets.xcassets in Resources */,
				2E1ADCDC240234E900A2F8E8 /* Main.storyboard in Resources */,
			);
			runOnlyForDeploymentPostprocessing = 0;
		};
		2E1ADCE5240234EA00A2F8E8 /* Resources */ = {
			isa = PBXResourcesBuildPhase;
			buildActionMask = 2147483647;
			files = (
			);
			runOnlyForDeploymentPostprocessing = 0;
		};
		2E1ADCF0240234EA00A2F8E8 /* Resources */ = {
			isa = PBXResourcesBuildPhase;
			buildActionMask = 2147483647;
			files = (
			);
			runOnlyForDeploymentPostprocessing = 0;
		};
/* End PBXResourcesBuildPhase section */

/* Begin PBXSourcesBuildPhase section */
		2E1ADCCD240234E900A2F8E8 /* Sources */ = {
			isa = PBXSourcesBuildPhase;
			buildActionMask = 2147483647;
			files = (
				2E1ADCD9240234E900A2F8E8 /* ViewController.swift in Sources */,
				2E1ADCD5240234E900A2F8E8 /* AppDelegate.swift in Sources */,
				2E1ADCD7240234E900A2F8E8 /* SceneDelegate.swift in Sources */,
			);
			runOnlyForDeploymentPostprocessing = 0;
		};
		2E1ADCE3240234EA00A2F8E8 /* Sources */ = {
			isa = PBXSourcesBuildPhase;
			buildActionMask = 2147483647;
			files = (
				2E1ADCEC240234EA00A2F8E8 /* testApp_20200223Tests.swift in Sources */,
			);
			runOnlyForDeploymentPostprocessing = 0;
		};
		2E1ADCEE240234EA00A2F8E8 /* Sources */ = {
			isa = PBXSourcesBuildPhase;
			buildActionMask = 2147483647;
			files = (
				2E1ADCF7240234EA00A2F8E8 /* testApp_20200223UITests.swift in Sources */,
			);
			runOnlyForDeploymentPostprocessing = 0;
		};
/* End PBXSourcesBuildPhase section */

/* Begin PBXTargetDependency section */
		2E1ADCE9240234EA00A2F8E8 /* PBXTargetDependency */ = {
			isa = PBXTargetDependency;
			target = 2E1ADCD0240234E900A2F8E8 /* testApp_20200223 */;
			targetProxy = 2E1ADCE8240234EA00A2F8E8 /* PBXContainerItemProxy */;
		};
		2E1ADCF4240234EA00A2F8E8 /* PBXTargetDependency */ = {
			isa = PBXTargetDependency;
			target = 2E1ADCD0240234E900A2F8E8 /* testApp_20200223 */;
			targetProxy = 2E1ADCF3240234EA00A2F8E8 /* PBXContainerItemProxy */;
		};
/* End PBXTargetDependency section */

/* Begin PBXVariantGroup section */
		2E1ADCDA240234E900A2F8E8 /* Main.storyboard */ = {
			isa = PBXVariantGroup;
			children = (
				2E1ADCDB240234E900A2F8E8 /* Base */,
			);
			name = Main.storyboard;
			sourceTree = "<group>";
		};
		2E1ADCDF240234EA00A2F8E8 /* LaunchScreen.storyboard */ = {
			isa = PBXVariantGroup;
			children = (
				2E1ADCE0240234EA00A2F8E8 /* Base */,
			);
			name = LaunchScreen.storyboard;
			sourceTree = "<group>";
		};
/* End PBXVariantGroup section */

/* Begin XCBuildConfiguration section */
		2E1ADCF9240234EA00A2F8E8 /* Debug */ = {
			isa = XCBuildConfiguration;
			buildSettings = {
				ALWAYS_SEARCH_USER_PATHS = NO;
				CLANG_ANALYZER_NONNULL = YES;
				CLANG_ANALYZER_NUMBER_OBJECT_CONVERSION = YES_AGGRESSIVE;
				CLANG_CXX_LANGUAGE_STANDARD = "gnu++14";
				CLANG_CXX_LIBRARY = "libc++";
				CLANG_ENABLE_MODULES = YES;
				CLANG_ENABLE_OBJC_ARC = YES;
				CLANG_ENABLE_OBJC_WEAK = YES;
				CLANG_WARN_BLOCK_CAPTURE_AUTORELEASING = YES;
				CLANG_WARN_BOOL_CONVERSION = YES;
				CLANG_WARN_COMMA = YES;
				CLANG_WARN_CONSTANT_CONVERSION = YES;
				CLANG_WARN_DEPRECATED_OBJC_IMPLEMENTATIONS = YES;
				CLANG_WARN_DIRECT_OBJC_ISA_USAGE = YES_ERROR;
				CLANG_WARN_DOCUMENTATION_COMMENTS = YES;
				CLANG_WARN_EMPTY_BODY = YES;
				CLANG_WARN_ENUM_CONVERSION = YES;
				CLANG_WARN_INFINITE_RECURSION = YES;
				CLANG_WARN_INT_CONVERSION = YES;
				CLANG_WARN_NON_LITERAL_NULL_CONVERSION = YES;
				CLANG_WARN_OBJC_IMPLICIT_RETAIN_SELF = YES;
				CLANG_WARN_OBJC_LITERAL_CONVERSION = YES;
				CLANG_WARN_OBJC_ROOT_CLASS = YES_ERROR;
				CLANG_WARN_RANGE_LOOP_ANALYSIS = YES;
				CLANG_WARN_STRICT_PROTOTYPES = YES;
				CLANG_WARN_SUSPICIOUS_MOVE = YES;
				CLANG_WARN_UNGUARDED_AVAILABILITY = YES_AGGRESSIVE;
				CLANG_WARN_UNREACHABLE_CODE = YES;
				CLANG_WARN__DUPLICATE_METHOD_MATCH = YES;
				COPY_PHASE_STRIP = NO;
				DEBUG_INFORMATION_FORMAT = dwarf;
				ENABLE_STRICT_OBJC_MSGSEND = YES;
				ENABLE_TESTABILITY = YES;
				GCC_C_LANGUAGE_STANDARD = gnu11;
				GCC_DYNAMIC_NO_PIC = NO;
				GCC_NO_COMMON_BLOCKS = YES;
				GCC_OPTIMIZATION_LEVEL = 0;
				GCC_PREPROCESSOR_DEFINITIONS = (
					"DEBUG=1",
					"$(inherited)",
				);
				GCC_WARN_64_TO_32_BIT_CONVERSION = YES;
				GCC_WARN_ABOUT_RETURN_TYPE = YES_ERROR;
				GCC_WARN_UNDECLARED_SELECTOR = YES;
				GCC_WARN_UNINITIALIZED_AUTOS = YES_AGGRESSIVE;
				GCC_WARN_UNUSED_FUNCTION = YES;
				GCC_WARN_UNUSED_VARIABLE = YES;
				IPHONEOS_DEPLOYMENT_TARGET = 13.2;
				MTL_ENABLE_DEBUG_INFO = INCLUDE_SOURCE;
				MTL_FAST_MATH = YES;
				ONLY_ACTIVE_ARCH = YES;
				SDKROOT = iphoneos;
				SWIFT_ACTIVE_COMPILATION_CONDITIONS = DEBUG;
				SWIFT_OPTIMIZATION_LEVEL = "-Onone";
			};
			name = Debug;
		};
		2E1ADCFA240234EA00A2F8E8 /* Release */ = {
			isa = XCBuildConfiguration;
			buildSettings = {
				ALWAYS_SEARCH_USER_PATHS = NO;
				CLANG_ANALYZER_NONNULL = YES;
				CLANG_ANALYZER_NUMBER_OBJECT_CONVERSION = YES_AGGRESSIVE;
				CLANG_CXX_LANGUAGE_STANDARD = "gnu++14";
				CLANG_CXX_LIBRARY = "libc++";
				CLANG_ENABLE_MODULES = YES;
				CLANG_ENABLE_OBJC_ARC = YES;
				CLANG_ENABLE_OBJC_WEAK = YES;
				CLANG_WARN_BLOCK_CAPTURE_AUTORELEASING = YES;
				CLANG_WARN_BOOL_CONVERSION = YES;
				CLANG_WARN_COMMA = YES;
				CLANG_WARN_CONSTANT_CONVERSION = YES;
				CLANG_WARN_DEPRECATED_OBJC_IMPLEMENTATIONS = YES;
				CLANG_WARN_DIRECT_OBJC_ISA_USAGE = YES_ERROR;
				CLANG_WARN_DOCUMENTATION_COMMENTS = YES;
				CLANG_WARN_EMPTY_BODY = YES;
				CLANG_WARN_ENUM_CONVERSION = YES;
				CLANG_WARN_INFINITE_RECURSION = YES;
				CLANG_WARN_INT_CONVERSION = YES;
				CLANG_WARN_NON_LITERAL_NULL_CONVERSION = YES;
				CLANG_WARN_OBJC_IMPLICIT_RETAIN_SELF = YES;
				CLANG_WARN_OBJC_LITERAL_CONVERSION = YES;
				CLANG_WARN_OBJC_ROOT_CLASS = YES_ERROR;
				CLANG_WARN_RANGE_LOOP_ANALYSIS = YES;
				CLANG_WARN_STRICT_PROTOTYPES = YES;
				CLANG_WARN_SUSPICIOUS_MOVE = YES;
				CLANG_WARN_UNGUARDED_AVAILABILITY = YES_AGGRESSIVE;
				CLANG_WARN_UNREACHABLE_CODE = YES;
				CLANG_WARN__DUPLICATE_METHOD_MATCH = YES;
				COPY_PHASE_STRIP = NO;
				DEBUG_INFORMATION_FORMAT = "dwarf-with-dsym";
				ENABLE_NS_ASSERTIONS = NO;
				ENABLE_STRICT_OBJC_MSGSEND = YES;
				GCC_C_LANGUAGE_STANDARD = gnu11;
				GCC_NO_COMMON_BLOCKS = YES;
				GCC_WARN_64_TO_32_BIT_CONVERSION = YES;
				GCC_WARN_ABOUT_RETURN_TYPE = YES_ERROR;
				GCC_WARN_UNDECLARED_SELECTOR = YES;
				GCC_WARN_UNINITIALIZED_AUTOS = YES_AGGRESSIVE;
				GCC_WARN_UNUSED_FUNCTION = YES;
				GCC_WARN_UNUSED_VARIABLE = YES;
				IPHONEOS_DEPLOYMENT_TARGET = 13.2;
				MTL_ENABLE_DEBUG_INFO = NO;
				MTL_FAST_MATH = YES;
				SDKROOT = iphoneos;
				SWIFT_COMPILATION_MODE = wholemodule;
				SWIFT_OPTIMIZATION_LEVEL = "-O";
				VALIDATE_PRODUCT = YES;
			};
			name = Release;
		};
		2E1ADCFC240234EA00A2F8E8 /* Debug */ = {
			isa = XCBuildConfiguration;
			buildSettings = {
				ASSETCATALOG_COMPILER_APPICON_NAME = AppIcon;
				CODE_SIGN_STYLE = Automatic;
				DEVELOPMENT_TEAM = BS3U37R9PY;
				INFOPLIST_FILE = testApp_20200223/Info.plist;
				LD_RUNPATH_SEARCH_PATHS = (
					"$(inherited)",
					"@executable_path/Frameworks",
				);
				PRODUCT_BUNDLE_IDENTIFIER = "TestApp.testApp-20200223";
				PRODUCT_NAME = "$(TARGET_NAME)";
				SWIFT_VERSION = 5.0;
				TARGETED_DEVICE_FAMILY = "1,2";
			};
			name = Debug;
		};
		2E1ADCFD240234EA00A2F8E8 /* Release */ = {
			isa = XCBuildConfiguration;
			buildSettings = {
				ASSETCATALOG_COMPILER_APPICON_NAME = AppIcon;
				CODE_SIGN_STYLE = Automatic;
				DEVELOPMENT_TEAM = BS3U37R9PY;
				INFOPLIST_FILE = testApp_20200223/Info.plist;
				LD_RUNPATH_SEARCH_PATHS = (
					"$(inherited)",
					"@executable_path/Frameworks",
				);
				PRODUCT_BUNDLE_IDENTIFIER = "TestApp.testApp-20200223";
				PRODUCT_NAME = "$(TARGET_NAME)";
				SWIFT_VERSION = 5.0;
				TARGETED_DEVICE_FAMILY = "1,2";
			};
			name = Release;
		};
		2E1ADCFF240234EA00A2F8E8 /* Debug */ = {
			isa = XCBuildConfiguration;
			buildSettings = {
				ALWAYS_EMBED_SWIFT_STANDARD_LIBRARIES = YES;
				BUNDLE_LOADER = "$(TEST_HOST)";
				CODE_SIGN_STYLE = Automatic;
				DEVELOPMENT_TEAM = BS3U37R9PY;
				INFOPLIST_FILE = testApp_20200223Tests/Info.plist;
				IPHONEOS_DEPLOYMENT_TARGET = 13.2;
				LD_RUNPATH_SEARCH_PATHS = (
					"$(inherited)",
					"@executable_path/Frameworks",
					"@loader_path/Frameworks",
				);
				PRODUCT_BUNDLE_IDENTIFIER = "TestApp.testApp-20200223Tests";
				PRODUCT_NAME = "$(TARGET_NAME)";
				SWIFT_VERSION = 5.0;
				TARGETED_DEVICE_FAMILY = "1,2";
				TEST_HOST = "$(BUILT_PRODUCTS_DIR)/testApp_20200223.app/testApp_20200223";
			};
			name = Debug;
		};
		2E1ADD00240234EA00A2F8E8 /* Release */ = {
			isa = XCBuildConfiguration;
			buildSettings = {
				ALWAYS_EMBED_SWIFT_STANDARD_LIBRARIES = YES;
				BUNDLE_LOADER = "$(TEST_HOST)";
				CODE_SIGN_STYLE = Automatic;
				DEVELOPMENT_TEAM = BS3U37R9PY;
				INFOPLIST_FILE = testApp_20200223Tests/Info.plist;
				IPHONEOS_DEPLOYMENT_TARGET = 13.2;
				LD_RUNPATH_SEARCH_PATHS = (
					"$(inherited)",
					"@executable_path/Frameworks",
					"@loader_path/Frameworks",
				);
				PRODUCT_BUNDLE_IDENTIFIER = "TestApp.testApp-20200223Tests";
				PRODUCT_NAME = "$(TARGET_NAME)";
				SWIFT_VERSION = 5.0;
				TARGETED_DEVICE_FAMILY = "1,2";
				TEST_HOST = "$(BUILT_PRODUCTS_DIR)/testApp_20200223.app/testApp_20200223";
			};
			name = Release;
		};
		2E1ADD02240234EA00A2F8E8 /* Debug */ = {
			isa = XCBuildConfiguration;
			buildSettings = {
				ALWAYS_EMBED_SWIFT_STANDARD_LIBRARIES = YES;
				CODE_SIGN_STYLE = Automatic;
				DEVELOPMENT_TEAM = BS3U37R9PY;
				INFOPLIST_FILE = testApp_20200223UITests/Info.plist;
				LD_RUNPATH_SEARCH_PATHS = (
					"$(inherited)",
					"@executable_path/Frameworks",
					"@loader_path/Frameworks",
				);
				PRODUCT_BUNDLE_IDENTIFIER = "TestApp.testApp-20200223UITests";
				PRODUCT_NAME = "$(TARGET_NAME)";
				SWIFT_VERSION = 5.0;
				TARGETED_DEVICE_FAMILY = "1,2";
				TEST_TARGET_NAME = testApp_20200223;
			};
			name = Debug;
		};
		2E1ADD03240234EA00A2F8E8 /* Release */ = {
			isa = XCBuildConfiguration;
			buildSettings = {
				ALWAYS_EMBED_SWIFT_STANDARD_LIBRARIES = YES;
				CODE_SIGN_STYLE = Automatic;
				DEVELOPMENT_TEAM = BS3U37R9PY;
				INFOPLIST_FILE = testApp_20200223UITests/Info.plist;
				LD_RUNPATH_SEARCH_PATHS = (
					"$(inherited)",
					"@executable_path/Frameworks",
					"@loader_path/Frameworks",
				);
				PRODUCT_BUNDLE_IDENTIFIER = "TestApp.testApp-20200223UITests";
				PRODUCT_NAME = "$(TARGET_NAME)";
				SWIFT_VERSION = 5.0;
				TARGETED_DEVICE_FAMILY = "1,2";
				TEST_TARGET_NAME = testApp_20200223;
			};
			name = Release;
		};
/* End XCBuildConfiguration section */

/* Begin XCConfigurationList section */
		2E1ADCCC240234E900A2F8E8 /* Build configuration list for PBXProject "testApp_20200223" */ = {
			isa = XCConfigurationList;
			buildConfigurations = (
				2E1ADCF9240234EA00A2F8E8 /* Debug */,
				2E1ADCFA240234EA00A2F8E8 /* Release */,
			);
			defaultConfigurationIsVisible = 0;
			defaultConfigurationName = Release;
		};
		2E1ADCFB240234EA00A2F8E8 /* Build configuration list for PBXNativeTarget "testApp_20200223" */ = {
			isa = XCConfigurationList;
			buildConfigurations = (
				2E1ADCFC240234EA00A2F8E8 /* Debug */,
				2E1ADCFD240234EA00A2F8E8 /* Release */,
			);
			defaultConfigurationIsVisible = 0;
			defaultConfigurationName = Release;
		};
		2E1ADCFE240234EA00A2F8E8 /* Build configuration list for PBXNativeTarget "testApp_20200223Tests" */ = {
			isa = XCConfigurationList;
			buildConfigurations = (
				2E1ADCFF240234EA00A2F8E8 /* Debug */,
				2E1ADD00240234EA00A2F8E8 /* Release */,
			);
			defaultConfigurationIsVisible = 0;
			defaultConfigurationName = Release;
		};
		2E1ADD01240234EA00A2F8E8 /* Build configuration list for PBXNativeTarget "testApp_20200223UITests" */ = {
			isa = XCConfigurationList;
			buildConfigurations = (
				2E1ADD02240234EA00A2F8E8 /* Debug */,
				2E1ADD03240234EA00A2F8E8 /* Release */,
			);
			defaultConfigurationIsVisible = 0;
			defaultConfigurationName = Release;
		};
/* End XCConfigurationList section */
	};
	rootObject = 2E1ADCC9240234E900A2F8E8 /* Project object */;
}
